
Microsoft Visual Studio Solution File, Format Version 12.00
# Visual Studio Version 17
VisualStudioVersion = 17.10.35122.118
MinimumVisualStudioVersion = 10.0.40219.1
Project("{2150E333-8FDC-42A3-9474-1A3956D46DE8}") = "00. Core", "00. Core", "{6EC6DBFB-729A-4F75-BAF9-9D1C2EFBF96B}"
EndProject
Project("{2150E333-8FDC-42A3-9474-1A3956D46DE8}") = "01. Microsservicos", "01. Microsservicos", "{E61E1B54-0FD0-4789-8220-29555A97BA8B}"
EndProject
Project("{2150E333-8FDC-42A3-9474-1A3956D46DE8}") = "02. Infra", "02. Infra", "{D64AB22F-4F0D-4539-9889-D8DA696FF209}"
EndProject
Project("{2150E333-8FDC-42A3-9474-1A3956D46DE8}") = "03. Frontend", "03. Frontend", "{6A53DCB7-BC6B-4E35-A094-D8672D18DE89}"
EndProject
Project("{2150E333-8FDC-42A3-9474-1A3956D46DE8}") = "04. Tests", "04. Tests", "{D35C98F0-FEBE-4710-893B-6182DCBEF5DD}"
EndProject
Project("{9A19103F-16F7-4668-BE54-9A1E7A4F7556}") = "TJRJ.Shared", "00. Core\TJRJ.Shared\TJRJ.Shared.csproj", "{ABB949F7-7AEB-406A-AB2A-324F58283A20}"
EndProject
Project("{2150E333-8FDC-42A3-9474-1A3956D46DE8}") = "TJRJ.Livros", "TJRJ.Livros", "{3735159F-2EFC-42A1-98D1-FA6B10628BDC}"
EndProject
Project("{2150E333-8FDC-42A3-9474-1A3956D46DE8}") = "TJRJ.Usuarios", "TJRJ.Usuarios", "{61344C76-FD58-4232-8426-AEC5F8CADDEA}"
EndProject
Project("{54A90642-561A-4BB1-A94E-469ADEE60C69}") = "TJRJ.Frontend", "03. Frontend\TJRJ.Frontend\TJRJ.Frontend.esproj", "{14E589C8-3DF1-4DDA-98C8-306C7C13106E}"
EndProject
Project("{FAE04EC0-301F-11D3-BF4B-00C04F79EFBC}") = "TJRJ.Infrastructure", "02. Infra\TJRJ.Infrastructure\TJRJ.Infrastructure.csproj", "{5EFEAF73-9431-45D7-A83E-4CA97C4A2903}"
EndProject
Project("{FAE04EC0-301F-11D3-BF4B-00C04F79EFBC}") = "TJRJ.Tests", "04. Tests\TJRJ.Tests\TJRJ.Tests.csproj", "{0789EE61-AF1F-4372-8DEB-2082F4F7AB91}"
EndProject
Project("{FAE04EC0-301F-11D3-BF4B-00C04F79EFBC}") = "TJRJ.Livros.API", "01. Microsservicos\TJRJ.Livros\TJRJ.Livros.API\TJRJ.Livros.API.csproj", "{BB77F3F6-98C1-453B-A258-98D922668566}"
EndProject
Project("{FAE04EC0-301F-11D3-BF4B-00C04F79EFBC}") = "TJRJ.Livros.Application", "01. Microsservicos\TJRJ.Livros\TJRJ.Livros.Application\TJRJ.Livros.Application.csproj", "{94B0B5D6-79B1-487E-979E-A659521D325E}"
EndProject
Project("{FAE04EC0-301F-11D3-BF4B-00C04F79EFBC}") = "TJRJ.Livros.Domain", "01. Microsservicos\TJRJ.Livros\TJRJ.Livros.Domain\TJRJ.Livros.Domain.csproj", "{74D64417-EB8B-4B9E-8FA2-8642FD6F76E7}"
EndProject
Project("{FAE04EC0-301F-11D3-BF4B-00C04F79EFBC}") = "TJRJ.Livros.Infrastructure", "01. Microsservicos\TJRJ.Livros\TJRJ.Livros.Infrastructure\TJRJ.Livros.Infrastructure.csproj", "{27C2A256-27DE-4E89-A0E4-6B83ED417CCB}"
EndProject
Project("{FAE04EC0-301F-11D3-BF4B-00C04F79EFBC}") = "TJRJ.Usuarios.Domain", "01. Microsservicos\TJRJ.Usuarios\TJRJ.Usuarios.Domain\TJRJ.Usuarios.Domain.csproj", "{84337111-7B16-4ECF-987D-3A5E76EC2296}"
EndProject
Project("{FAE04EC0-301F-11D3-BF4B-00C04F79EFBC}") = "TJRJ.Usuarios.Infrastructure", "01. Microsservicos\TJRJ.Usuarios\TJRJ.Usuarios.Infrastructure\TJRJ.Usuarios.Infrastructure.csproj", "{BB7F749E-FA1F-4ABD-B679-DFB5F6B120CC}"
EndProject
Project("{FAE04EC0-301F-11D3-BF4B-00C04F79EFBC}") = "TJRJ.Usuarios.Application", "TJRJ.Usuarios.Application\TJRJ.Usuarios.Application.csproj", "{F7720B3E-0284-44D8-8684-B72A96AF44DA}"
EndProject
Project("{FAE04EC0-301F-11D3-BF4B-00C04F79EFBC}") = "TJRJ.Usuarios.API", "TJRJ.Usuarios.API\TJRJ.Usuarios.API.csproj", "{86ABB8D4-0CD7-442F-8882-1B3620504F28}"
EndProject
Global
	GlobalSection(SolutionConfigurationPlatforms) = preSolution
		Debug|Any CPU = Debug|Any CPU
		Release|Any CPU = Release|Any CPU
	EndGlobalSection
	GlobalSection(ProjectConfigurationPlatforms) = postSolution
		{ABB949F7-7AEB-406A-AB2A-324F58283A20}.Debug|Any CPU.ActiveCfg = Debug|Any CPU
		{ABB949F7-7AEB-406A-AB2A-324F58283A20}.Debug|Any CPU.Build.0 = Debug|Any CPU
		{ABB949F7-7AEB-406A-AB2A-324F58283A20}.Release|Any CPU.ActiveCfg = Release|Any CPU
		{ABB949F7-7AEB-406A-AB2A-324F58283A20}.Release|Any CPU.Build.0 = Release|Any CPU
		{14E589C8-3DF1-4DDA-98C8-306C7C13106E}.Debug|Any CPU.ActiveCfg = Debug|Any CPU
		{14E589C8-3DF1-4DDA-98C8-306C7C13106E}.Debug|Any CPU.Build.0 = Debug|Any CPU
		{14E589C8-3DF1-4DDA-98C8-306C7C13106E}.Debug|Any CPU.Deploy.0 = Debug|Any CPU
		{14E589C8-3DF1-4DDA-98C8-306C7C13106E}.Release|Any CPU.ActiveCfg = Release|Any CPU
		{14E589C8-3DF1-4DDA-98C8-306C7C13106E}.Release|Any CPU.Build.0 = Release|Any CPU
		{14E589C8-3DF1-4DDA-98C8-306C7C13106E}.Release|Any CPU.Deploy.0 = Release|Any CPU
		{5EFEAF73-9431-45D7-A83E-4CA97C4A2903}.Debug|Any CPU.ActiveCfg = Debug|Any CPU
		{5EFEAF73-9431-45D7-A83E-4CA97C4A2903}.Debug|Any CPU.Build.0 = Debug|Any CPU
		{5EFEAF73-9431-45D7-A83E-4CA97C4A2903}.Release|Any CPU.ActiveCfg = Release|Any CPU
		{5EFEAF73-9431-45D7-A83E-4CA97C4A2903}.Release|Any CPU.Build.0 = Release|Any CPU
		{0789EE61-AF1F-4372-8DEB-2082F4F7AB91}.Debug|Any CPU.ActiveCfg = Debug|Any CPU
		{0789EE61-AF1F-4372-8DEB-2082F4F7AB91}.Debug|Any CPU.Build.0 = Debug|Any CPU
		{0789EE61-AF1F-4372-8DEB-2082F4F7AB91}.Release|Any CPU.ActiveCfg = Release|Any CPU
		{0789EE61-AF1F-4372-8DEB-2082F4F7AB91}.Release|Any CPU.Build.0 = Release|Any CPU
		{BB77F3F6-98C1-453B-A258-98D922668566}.Debug|Any CPU.ActiveCfg = Debug|Any CPU
		{BB77F3F6-98C1-453B-A258-98D922668566}.Debug|Any CPU.Build.0 = Debug|Any CPU
		{BB77F3F6-98C1-453B-A258-98D922668566}.Release|Any CPU.ActiveCfg = Release|Any CPU
		{BB77F3F6-98C1-453B-A258-98D922668566}.Release|Any CPU.Build.0 = Release|Any CPU
		{94B0B5D6-79B1-487E-979E-A659521D325E}.Debug|Any CPU.ActiveCfg = Debug|Any CPU
		{94B0B5D6-79B1-487E-979E-A659521D325E}.Debug|Any CPU.Build.0 = Debug|Any CPU
		{94B0B5D6-79B1-487E-979E-A659521D325E}.Release|Any CPU.ActiveCfg = Release|Any CPU
		{94B0B5D6-79B1-487E-979E-A659521D325E}.Release|Any CPU.Build.0 = Release|Any CPU
		{74D64417-EB8B-4B9E-8FA2-8642FD6F76E7}.Debug|Any CPU.ActiveCfg = Debug|Any CPU
		{74D64417-EB8B-4B9E-8FA2-8642FD6F76E7}.Debug|Any CPU.Build.0 = Debug|Any CPU
		{74D64417-EB8B-4B9E-8FA2-8642FD6F76E7}.Release|Any CPU.ActiveCfg = Release|Any CPU
		{74D64417-EB8B-4B9E-8FA2-8642FD6F76E7}.Release|Any CPU.Build.0 = Release|Any CPU
		{27C2A256-27DE-4E89-A0E4-6B83ED417CCB}.Debug|Any CPU.ActiveCfg = Debug|Any CPU
		{27C2A256-27DE-4E89-A0E4-6B83ED417CCB}.Debug|Any CPU.Build.0 = Debug|Any CPU
		{27C2A256-27DE-4E89-A0E4-6B83ED417CCB}.Release|Any CPU.ActiveCfg = Release|Any CPU
		{27C2A256-27DE-4E89-A0E4-6B83ED417CCB}.Release|Any CPU.Build.0 = Release|Any CPU
		{84337111-7B16-4ECF-987D-3A5E76EC2296}.Debug|Any CPU.ActiveCfg = Debug|Any CPU
		{84337111-7B16-4ECF-987D-3A5E76EC2296}.Debug|Any CPU.Build.0 = Debug|Any CPU
		{84337111-7B16-4ECF-987D-3A5E76EC2296}.Release|Any CPU.ActiveCfg = Release|Any CPU
		{84337111-7B16-4ECF-987D-3A5E76EC2296}.Release|Any CPU.Build.0 = Release|Any CPU
		{BB7F749E-FA1F-4ABD-B679-DFB5F6B120CC}.Debug|Any CPU.ActiveCfg = Debug|Any CPU
		{BB7F749E-FA1F-4ABD-B679-DFB5F6B120CC}.Debug|Any CPU.Build.0 = Debug|Any CPU
		{BB7F749E-FA1F-4ABD-B679-DFB5F6B120CC}.Release|Any CPU.ActiveCfg = Release|Any CPU
		{BB7F749E-FA1F-4ABD-B679-DFB5F6B120CC}.Release|Any CPU.Build.0 = Release|Any CPU
		{F7720B3E-0284-44D8-8684-B72A96AF44DA}.Debug|Any CPU.ActiveCfg = Debug|Any CPU
		{F7720B3E-0284-44D8-8684-B72A96AF44DA}.Debug|Any CPU.Build.0 = Debug|Any CPU
		{F7720B3E-0284-44D8-8684-B72A96AF44DA}.Release|Any CPU.ActiveCfg = Release|Any CPU
		{F7720B3E-0284-44D8-8684-B72A96AF44DA}.Release|Any CPU.Build.0 = Release|Any CPU
		{86ABB8D4-0CD7-442F-8882-1B3620504F28}.Debug|Any CPU.ActiveCfg = Debug|Any CPU
		{86ABB8D4-0CD7-442F-8882-1B3620504F28}.Debug|Any CPU.Build.0 = Debug|Any CPU
		{86ABB8D4-0CD7-442F-8882-1B3620504F28}.Release|Any CPU.ActiveCfg = Release|Any CPU
		{86ABB8D4-0CD7-442F-8882-1B3620504F28}.Release|Any CPU.Build.0 = Release|Any CPU
	EndGlobalSection
	GlobalSection(SolutionProperties) = preSolution
		HideSolutionNode = FALSE
	EndGlobalSection
	GlobalSection(NestedProjects) = preSolution
		{ABB949F7-7AEB-406A-AB2A-324F58283A20} = {6EC6DBFB-729A-4F75-BAF9-9D1C2EFBF96B}
		{3735159F-2EFC-42A1-98D1-FA6B10628BDC} = {E61E1B54-0FD0-4789-8220-29555A97BA8B}
		{61344C76-FD58-4232-8426-AEC5F8CADDEA} = {E61E1B54-0FD0-4789-8220-29555A97BA8B}
		{14E589C8-3DF1-4DDA-98C8-306C7C13106E} = {6A53DCB7-BC6B-4E35-A094-D8672D18DE89}
		{5EFEAF73-9431-45D7-A83E-4CA97C4A2903} = {D64AB22F-4F0D-4539-9889-D8DA696FF209}
		{0789EE61-AF1F-4372-8DEB-2082F4F7AB91} = {D35C98F0-FEBE-4710-893B-6182DCBEF5DD}
		{BB77F3F6-98C1-453B-A258-98D922668566} = {3735159F-2EFC-42A1-98D1-FA6B10628BDC}
		{94B0B5D6-79B1-487E-979E-A659521D325E} = {3735159F-2EFC-42A1-98D1-FA6B10628BDC}
		{74D64417-EB8B-4B9E-8FA2-8642FD6F76E7} = {3735159F-2EFC-42A1-98D1-FA6B10628BDC}
		{27C2A256-27DE-4E89-A0E4-6B83ED417CCB} = {3735159F-2EFC-42A1-98D1-FA6B10628BDC}
		{84337111-7B16-4ECF-987D-3A5E76EC2296} = {61344C76-FD58-4232-8426-AEC5F8CADDEA}
		{BB7F749E-FA1F-4ABD-B679-DFB5F6B120CC} = {61344C76-FD58-4232-8426-AEC5F8CADDEA}
		{F7720B3E-0284-44D8-8684-B72A96AF44DA} = {61344C76-FD58-4232-8426-AEC5F8CADDEA}
		{86ABB8D4-0CD7-442F-8882-1B3620504F28} = {61344C76-FD58-4232-8426-AEC5F8CADDEA}
	EndGlobalSection
	GlobalSection(ExtensibilityGlobals) = postSolution
		SolutionGuid = {82861A99-586F-4CC7-AE2B-7159C784B1E3}
	EndGlobalSection
EndGlobal
